
Microsoft Visual Studio Solution File, Format Version 12.00
# Visual Studio Version 17
VisualStudioVersion = 17.0.31903.59
MinimumVisualStudioVersion = 10.0.40219.1
Project("{2150E333-8FDC-42A3-9474-1A3956D46DE8}") = "src", "src", "{827E0CD3-B72D-47B6-A68D-7590B98EB39B}"
EndProject
Project("{FAE04EC0-301F-11D3-BF4B-00C04F79EFBC}") = "Authors.API", "src\Authors.API\Authors.API.csproj", "{9C3D6923-AC35-4996-AE80-F62A28D31AC8}"
EndProject
Project("{FAE04EC0-301F-11D3-BF4B-00C04F79EFBC}") = "Books.API", "src\Books.API\Books.API.csproj", "{C21933EB-E070-4514-A626-9477CC66A71D}"
EndProject
Global
	GlobalSection(SolutionConfigurationPlatforms) = preSolution
		Debug|Any CPU = Debug|Any CPU
		Debug|x64 = Debug|x64
		Debug|x86 = Debug|x86
		Release|Any CPU = Release|Any CPU
		Release|x64 = Release|x64
		Release|x86 = Release|x86
	EndGlobalSection
	GlobalSection(ProjectConfigurationPlatforms) = postSolution
		{9C3D6923-AC35-4996-AE80-F62A28D31AC8}.Debug|Any CPU.ActiveCfg = Debug|Any CPU
		{9C3D6923-AC35-4996-AE80-F62A28D31AC8}.Debug|Any CPU.Build.0 = Debug|Any CPU
		{9C3D6923-AC35-4996-AE80-F62A28D31AC8}.Debug|x64.ActiveCfg = Debug|Any CPU
		{9C3D6923-AC35-4996-AE80-F62A28D31AC8}.Debug|x64.Build.0 = Debug|Any CPU
		{9C3D6923-AC35-4996-AE80-F62A28D31AC8}.Debug|x86.ActiveCfg = Debug|Any CPU
		{9C3D6923-AC35-4996-AE80-F62A28D31AC8}.Debug|x86.Build.0 = Debug|Any CPU
		{9C3D6923-AC35-4996-AE80-F62A28D31AC8}.Release|Any CPU.ActiveCfg = Release|Any CPU
		{9C3D6923-AC35-4996-AE80-F62A28D31AC8}.Release|Any CPU.Build.0 = Release|Any CPU
		{9C3D6923-AC35-4996-AE80-F62A28D31AC8}.Release|x64.ActiveCfg = Release|Any CPU
		{9C3D6923-AC35-4996-AE80-F62A28D31AC8}.Release|x64.Build.0 = Release|Any CPU
		{9C3D6923-AC35-4996-AE80-F62A28D31AC8}.Release|x86.ActiveCfg = Release|Any CPU
		{9C3D6923-AC35-4996-AE80-F62A28D31AC8}.Release|x86.Build.0 = Release|Any CPU
		{C21933EB-E070-4514-A626-9477CC66A71D}.Debug|Any CPU.ActiveCfg = Debug|Any CPU
		{C21933EB-E070-4514-A626-9477CC66A71D}.Debug|Any CPU.Build.0 = Debug|Any CPU
		{C21933EB-E070-4514-A626-9477CC66A71D}.Debug|x64.ActiveCfg = Debug|Any CPU
		{C21933EB-E070-4514-A626-9477CC66A71D}.Debug|x64.Build.0 = Debug|Any CPU
		{C21933EB-E070-4514-A626-9477CC66A71D}.Debug|x86.ActiveCfg = Debug|Any CPU
		{C21933EB-E070-4514-A626-9477CC66A71D}.Debug|x86.Build.0 = Debug|Any CPU
		{C21933EB-E070-4514-A626-9477CC66A71D}.Release|Any CPU.ActiveCfg = Release|Any CPU
		{C21933EB-E070-4514-A626-9477CC66A71D}.Release|Any CPU.Build.0 = Release|Any CPU
		{C21933EB-E070-4514-A626-9477CC66A71D}.Release|x64.ActiveCfg = Release|Any CPU
		{C21933EB-E070-4514-A626-9477CC66A71D}.Release|x64.Build.0 = Release|Any CPU
		{C21933EB-E070-4514-A626-9477CC66A71D}.Release|x86.ActiveCfg = Release|Any CPU
		{C21933EB-E070-4514-A626-9477CC66A71D}.Release|x86.Build.0 = Release|Any CPU
	EndGlobalSection
	GlobalSection(SolutionProperties) = preSolution
		HideSolutionNode = FALSE
	EndGlobalSection
	GlobalSection(NestedProjects) = preSolution
		{9C3D6923-AC35-4996-AE80-F62A28D31AC8} = {827E0CD3-B72D-47B6-A68D-7590B98EB39B}
		{C21933EB-E070-4514-A626-9477CC66A71D} = {827E0CD3-B72D-47B6-A68D-7590B98EB39B}
	EndGlobalSection
	GlobalSection(ExtensibilityGlobals) = postSolution
		SolutionGuid = {938AA5A6-8202-4905-A18F-7FB88CBD71BF}
	EndGlobalSection
EndGlobal
